
Microsoft Visual Studio Solution File, Format Version 12.00
# Visual Studio Version 16
VisualStudioVersion = 16.0.31025.194
MinimumVisualStudioVersion = 10.0.40219.1
Project("{E24C65DC-7377-472B-9ABA-BC803B73C61A}") = "ThiHouse", "ThiHouse\", "{D4329260-46F3-47C0-A115-E6A3E258B1DC}"
	ProjectSection(WebsiteProperties) = preProject
		TargetFrameworkMoniker = ".NETFramework,Version%3Dv4.7.2"
		Debug.AspNetCompiler.VirtualPath = "/localhost_64266"
		Debug.AspNetCompiler.PhysicalPath = "ThiHouse\"
		Debug.AspNetCompiler.TargetPath = "PrecompiledWeb\localhost_64266\"
		Debug.AspNetCompiler.Updateable = "true"
		Debug.AspNetCompiler.ForceOverwrite = "true"
		Debug.AspNetCompiler.FixedNames = "false"
		Debug.AspNetCompiler.Debug = "True"
		Release.AspNetCompiler.VirtualPath = "/localhost_64266"
		Release.AspNetCompiler.PhysicalPath = "ThiHouse\"
		Release.AspNetCompiler.TargetPath = "PrecompiledWeb\localhost_64266\"
		Release.AspNetCompiler.Updateable = "true"
		Release.AspNetCompiler.ForceOverwrite = "true"
		Release.AspNetCompiler.FixedNames = "false"
		Release.AspNetCompiler.Debug = "False"
		VWDPort = "64266"
		DefaultWebSiteLanguage = "Visual C#"
	EndProjectSection
EndProject
Global
	GlobalSection(SolutionConfigurationPlatforms) = preSolution
		Debug|Any CPU = Debug|Any CPU
	EndGlobalSection
	GlobalSection(ProjectConfigurationPlatforms) = postSolution
		{D4329260-46F3-47C0-A115-E6A3E258B1DC}.Debug|Any CPU.ActiveCfg = Debug|Any CPU
		{D4329260-46F3-47C0-A115-E6A3E258B1DC}.Debug|Any CPU.Build.0 = Debug|Any CPU
	EndGlobalSection
	GlobalSection(SolutionProperties) = preSolution
		HideSolutionNode = FALSE
	EndGlobalSection
	GlobalSection(ExtensibilityGlobals) = postSolution
		SolutionGuid = {57E1D502-2DD6-4AC7-BF51-50C0EA17414F}
	EndGlobalSection
EndGlobal
